hash: 1f5a7a2d43e9d615797d71e3372a4c9ff8d043dba9e4fe08ad2caf16f3716b6f
updated: 2018-03-13T13:37:40.3637626+06:00
imports:
- name: github.com/appscode/go
  version: f8f2e1c7d2d10789cdd0540468b487d14421dbf9
  subpackages:
  - context
  - log
  - types
- name: github.com/docker/distribution
  version: edc3ab29cdff8694dd6feb85cfeb4b5f1b38ed9c
  subpackages:
  - digestset
  - reference
- name: github.com/ghodss/yaml
  version: 73d445a93680fa1a78ae23a5839bad48f32ba1ee
- name: github.com/gogo/protobuf
  version: c0656edd0d9eab7c66d1eb0c568f9039345796f7
  subpackages:
  - proto
  - sortkeys
- name: github.com/golang/glog
  version: 23def4e6c14b4da8ac2ed8007337bc5eb5007998
- name: github.com/google/gofuzz
  version: 44d81051d367757e1c7c6a5a86423ece9afcf63c
- name: github.com/google/uuid
  version: 8c31c18f31ede9fc8eae72290a7e7a8064e9b3e3
- name: github.com/json-iterator/go
  version: 13f86432b882000a51c6e610c620974462691a97
- name: github.com/opencontainers/go-digest
  version: a6d0ee40d4207ea02364bd3b9e8e77b9159ba1eb
- name: github.com/spf13/pflag
  version: 4c012f6dcd9546820e378d0bdda4d8fc772cdfea
- name: golang.org/x/net
  version: 1c05540f6879653db88113bc4a2b70aec4bd491f
  subpackages:
  - http2
  - http2/hpack
  - idna
  - lex/httplex
- name: golang.org/x/text
  version: b19bf474d317b857955b12035d2c5acb57ce8b01
  subpackages:
  - secure/bidirule
  - transform
  - unicode/bidi
  - unicode/norm
- name: gopkg.in/inf.v0
  version: 3887ee99ecf07df5b447e9b00d9c0b2adaa9f3e4
- name: gopkg.in/yaml.v2
  version: 670d4cfef0544295bc27a114dbac37980d83185a
- name: k8s.io/api
  version: fd252c3a3e1debf912ff5b80221a31a6a3c24493
  subpackages:
  - apps/v1
  - apps/v1beta1
  - apps/v1beta2
  - batch/v1
  - batch/v1beta1
  - batch/v2alpha1
  - core/v1
  - extensions/v1beta1
- name: k8s.io/apiextensions-apiserver
  version: 05b593ea6c7f3418bb1ddabd218238f5e1a3cd62
  subpackages:
  - pkg/features
- name: k8s.io/apimachinery
  version: e9ff529c66f83aeac6dff90f11ea0c5b7c4d626a
  subpackages:
  - pkg/api/meta
  - pkg/api/resource
  - pkg/apimachinery
  - pkg/apimachinery/announced
  - pkg/apimachinery/registered
  - pkg/apis/meta/internalversion
  - pkg/apis/meta/v1
  - pkg/apis/meta/v1/unstructured
  - pkg/apis/meta/v1beta1
  - pkg/conversion
  - pkg/conversion/queryparams
  - pkg/fields
  - pkg/labels
  - pkg/runtime
  - pkg/runtime/schema
  - pkg/runtime/serializer
  - pkg/runtime/serializer/json
  - pkg/runtime/serializer/protobuf
  - pkg/runtime/serializer/recognizer
  - pkg/runtime/serializer/versioning
  - pkg/selection
  - pkg/types
  - pkg/util/errors
  - pkg/util/framer
  - pkg/util/intstr
  - pkg/util/json
  - pkg/util/net
  - pkg/util/runtime
  - pkg/util/sets
  - pkg/util/validation
  - pkg/util/validation/field
  - pkg/util/wait
  - pkg/util/yaml
  - pkg/watch
  - third_party/forked/golang/reflect
- name: k8s.io/apiserver
  version: 714f8b96ae38cbc15c7cffc44c8b17b9286c977e
  subpackages:
  - pkg/features
  - pkg/util/feature
- name: k8s.io/kubernetes
  version: 79b15896576b7cd8f40d952f5e8307d29a21ac28
  subpackages:
  - pkg/api/legacyscheme
  - pkg/apis/apps
  - pkg/apis/apps/install
  - pkg/apis/apps/v1
  - pkg/apis/apps/v1beta1
  - pkg/apis/apps/v1beta2
  - pkg/apis/autoscaling
  - pkg/apis/batch
  - pkg/apis/batch/install
  - pkg/apis/batch/v1
  - pkg/apis/batch/v1beta1
  - pkg/apis/batch/v2alpha1
  - pkg/apis/core
  - pkg/apis/core/install
  - pkg/apis/core/v1
  - pkg/apis/extensions
  - pkg/apis/extensions/install
  - pkg/apis/extensions/v1beta1
  - pkg/apis/networking
  - pkg/features
  - pkg/util/parsers
  - pkg/util/pointer
testImports: []
